
Microsoft Visual Studio Solution File, Format Version 12.00
# Visual Studio 2012
Project("{FAE04EC0-301F-11D3-BF4B-00C04F79EFBC}") = "BootStrapHtmlExtensions", "BootStrapHtmlExtensions.csproj", "{D95E344C-0E47-458E-8C15-AA233A18E71B}"
EndProject
Project("{FAE04EC0-301F-11D3-BF4B-00C04F79EFBC}") = "TestWeb", "..\TestWeb\TestWeb.csproj", "{E332EAA5-93D0-4B6B-93E3-55B1938E027E}"
EndProject
Project("{FAE04EC0-301F-11D3-BF4B-00C04F79EFBC}") = "BootStrapHtmlExtensions.Tests", "BootStrapHtmlExtensions.Tests\BootStrapHtmlExtensions.Tests.csproj", "{55F323AA-A882-4E62-855A-7224345C7707}"
EndProject
Global
	GlobalSection(SolutionConfigurationPlatforms) = preSolution
		Debug|Any CPU = Debug|Any CPU
		Release|Any CPU = Release|Any CPU
	EndGlobalSection
	GlobalSection(ProjectConfigurationPlatforms) = postSolution
		{D95E344C-0E47-458E-8C15-AA233A18E71B}.Debug|Any CPU.ActiveCfg = Debug|Any CPU
		{D95E344C-0E47-458E-8C15-AA233A18E71B}.Debug|Any CPU.Build.0 = Debug|Any CPU
		{D95E344C-0E47-458E-8C15-AA233A18E71B}.Release|Any CPU.ActiveCfg = Release|Any CPU
		{D95E344C-0E47-458E-8C15-AA233A18E71B}.Release|Any CPU.Build.0 = Release|Any CPU
		{E332EAA5-93D0-4B6B-93E3-55B1938E027E}.Debug|Any CPU.ActiveCfg = Debug|Any CPU
		{E332EAA5-93D0-4B6B-93E3-55B1938E027E}.Debug|Any CPU.Build.0 = Debug|Any CPU
		{E332EAA5-93D0-4B6B-93E3-55B1938E027E}.Release|Any CPU.ActiveCfg = Release|Any CPU
		{E332EAA5-93D0-4B6B-93E3-55B1938E027E}.Release|Any CPU.Build.0 = Release|Any CPU
		{55F323AA-A882-4E62-855A-7224345C7707}.Debug|Any CPU.ActiveCfg = Debug|Any CPU
		{55F323AA-A882-4E62-855A-7224345C7707}.Debug|Any CPU.Build.0 = Debug|Any CPU
		{55F323AA-A882-4E62-855A-7224345C7707}.Release|Any CPU.ActiveCfg = Release|Any CPU
		{55F323AA-A882-4E62-855A-7224345C7707}.Release|Any CPU.Build.0 = Release|Any CPU
	EndGlobalSection
	GlobalSection(SolutionProperties) = preSolution
		HideSolutionNode = FALSE
	EndGlobalSection
EndGlobal
